
Microsoft Visual Studio Solution File, Format Version 12.00
# Visual Studio Version 17
VisualStudioVersion = 17.9.34407.89
MinimumVisualStudioVersion = 10.0.40219.1
Project("{FAE04EC0-301F-11D3-BF4B-00C04F79EFBC}") = "Module_4_Massive", "Module_4_Massive.csproj", "{D29BFFC7-C31A-4991-8E0E-1D1ED0ED5A69}"
EndProject
Global
	GlobalSection(SolutionConfigurationPlatforms) = preSolution
		Debug|Any CPU = Debug|Any CPU
		Release|Any CPU = Release|Any CPU
	EndGlobalSection
	GlobalSection(ProjectConfigurationPlatforms) = postSolution
		{D29BFFC7-C31A-4991-8E0E-1D1ED0ED5A69}.Debug|Any CPU.ActiveCfg = Debug|Any CPU
		{D29BFFC7-C31A-4991-8E0E-1D1ED0ED5A69}.Debug|Any CPU.Build.0 = Debug|Any CPU
		{D29BFFC7-C31A-4991-8E0E-1D1ED0ED5A69}.Release|Any CPU.ActiveCfg = Release|Any CPU
		{D29BFFC7-C31A-4991-8E0E-1D1ED0ED5A69}.Release|Any CPU.Build.0 = Release|Any CPU
	EndGlobalSection
	GlobalSection(SolutionProperties) = preSolution
		HideSolutionNode = FALSE
	EndGlobalSection
	GlobalSection(ExtensibilityGlobals) = postSolution
		SolutionGuid = {69B1A4E7-C477-48B6-BDA7-AD50FE2B40DD}
	EndGlobalSection
EndGlobal
